// !$*UTF8*$!
{
	archiveVersion = 1;
	classes = {
	};
	objectVersion = 55;
	objects = {

/* Begin PBXBuildFile section */
		FA2516F7288F56420036D100 /* AppDelegate.swift in Sources */ = {isa = PBXBuildFile; fileRef = FA2516F6288F56420036D100 /* AppDelegate.swift */; };
		FA2516FB288F56420036D100 /* ToDoListViewController.swift in Sources */ = {isa = PBXBuildFile; fileRef = FA2516FA288F56420036D100 /* ToDoListViewController.swift */; };
		FA251700288F56430036D100 /* Assets.xcassets in Resources */ = {isa = PBXBuildFile; fileRef = FA2516FF288F56430036D100 /* Assets.xcassets */; };
		FA251703288F56430036D100 /* LaunchScreen.storyboard in Resources */ = {isa = PBXBuildFile; fileRef = FA251701288F56430036D100 /* LaunchScreen.storyboard */; };
		FA25170E288F56440036D100 /* ToDoListTests.swift in Sources */ = {isa = PBXBuildFile; fileRef = FA25170D288F56440036D100 /* ToDoListTests.swift */; };
		FA251718288F56440036D100 /* ToDoListUITests.swift in Sources */ = {isa = PBXBuildFile; fileRef = FA251717288F56440036D100 /* ToDoListUITests.swift */; };
		FA25171A288F56440036D100 /* ToDoListUITestsLaunchTests.swift in Sources */ = {isa = PBXBuildFile; fileRef = FA251719288F56440036D100 /* ToDoListUITestsLaunchTests.swift */; };
		FA251728288F59480036D100 /* ToDoItem.swift in Sources */ = {isa = PBXBuildFile; fileRef = FA251727288F59480036D100 /* ToDoItem.swift */; };
		FA25172A28905C930036D100 /* FileCache.swift in Sources */ = {isa = PBXBuildFile; fileRef = FA25172928905C930036D100 /* FileCache.swift */; };
		FA25172D2891D8CA0036D100 /* ToDoItemView.swift in Sources */ = {isa = PBXBuildFile; fileRef = FA25172C2891D8CA0036D100 /* ToDoItemView.swift */; };
		FA3792F828958FBE0099B1A8 /* ToDoItemViewController.swift in Sources */ = {isa = PBXBuildFile; fileRef = FA3792F728958FBE0099B1A8 /* ToDoItemViewController.swift */; };
		FA3792FA28959FC10099B1A8 /* SceneDelegate.swift in Sources */ = {isa = PBXBuildFile; fileRef = FA3792F928959FC10099B1A8 /* SceneDelegate.swift */; };
		FA755F332895A29D00327D32 /* ToDoListView.swift in Sources */ = {isa = PBXBuildFile; fileRef = FA755F322895A29D00327D32 /* ToDoListView.swift */; };
		FA755F362895A70D00327D32 /* UIView+Extensions.swift in Sources */ = {isa = PBXBuildFile; fileRef = FA755F352895A70D00327D32 /* UIView+Extensions.swift */; };
		FA755F392895ADC700327D32 /* UIStackView+Extensions.swift in Sources */ = {isa = PBXBuildFile; fileRef = FA755F382895ADC700327D32 /* UIStackView+Extensions.swift */; };
		FAB72EAC289610FF008A6690 /* Collection+Extensions.swift in Sources */ = {isa = PBXBuildFile; fileRef = FAB72EAB289610FF008A6690 /* Collection+Extensions.swift */; };
/* End PBXBuildFile section */

/* Begin PBXContainerItemProxy section */
		FA25170A288F56440036D100 /* PBXContainerItemProxy */ = {
			isa = PBXContainerItemProxy;
			containerPortal = FA2516EB288F56420036D100 /* Project object */;
			proxyType = 1;
			remoteGlobalIDString = FA2516F2288F56420036D100;
			remoteInfo = ToDoList;
		};
		FA251714288F56440036D100 /* PBXContainerItemProxy */ = {
			isa = PBXContainerItemProxy;
			containerPortal = FA2516EB288F56420036D100 /* Project object */;
			proxyType = 1;
			remoteGlobalIDString = FA2516F2288F56420036D100;
			remoteInfo = ToDoList;
		};
/* End PBXContainerItemProxy section */

/* Begin PBXFileReference section */
		FA2516F3288F56420036D100 /* ToDoList.app */ = {isa = PBXFileReference; explicitFileType = wrapper.application; includeInIndex = 0; path = ToDoList.app; sourceTree = BUILT_PRODUCTS_DIR; };
		FA2516F6288F56420036D100 /* AppDelegate.swift */ = {isa = PBXFileReference; lastKnownFileType = sourcecode.swift; path = AppDelegate.swift; sourceTree = "<group>"; };
		FA2516FA288F56420036D100 /* ToDoListViewController.swift */ = {isa = PBXFileReference; lastKnownFileType = sourcecode.swift; path = ToDoListViewController.swift; sourceTree = "<group>"; };
		FA2516FF288F56430036D100 /* Assets.xcassets */ = {isa = PBXFileReference; lastKnownFileType = folder.assetcatalog; path = Assets.xcassets; sourceTree = "<group>"; };
		FA251702288F56430036D100 /* Base */ = {isa = PBXFileReference; lastKnownFileType = file.storyboard; name = Base; path = Base.lproj/LaunchScreen.storyboard; sourceTree = "<group>"; };
		FA251704288F56430036D100 /* Info.plist */ = {isa = PBXFileReference; lastKnownFileType = text.plist.xml; path = Info.plist; sourceTree = "<group>"; };
		FA251709288F56440036D100 /* ToDoListTests.xctest */ = {isa = PBXFileReference; explicitFileType = wrapper.cfbundle; includeInIndex = 0; path = ToDoListTests.xctest; sourceTree = BUILT_PRODUCTS_DIR; };
		FA25170D288F56440036D100 /* ToDoListTests.swift */ = {isa = PBXFileReference; lastKnownFileType = sourcecode.swift; path = ToDoListTests.swift; sourceTree = "<group>"; };
		FA251713288F56440036D100 /* ToDoListUITests.xctest */ = {isa = PBXFileReference; explicitFileType = wrapper.cfbundle; includeInIndex = 0; path = ToDoListUITests.xctest; sourceTree = BUILT_PRODUCTS_DIR; };
		FA251717288F56440036D100 /* ToDoListUITests.swift */ = {isa = PBXFileReference; lastKnownFileType = sourcecode.swift; path = ToDoListUITests.swift; sourceTree = "<group>"; };
		FA251719288F56440036D100 /* ToDoListUITestsLaunchTests.swift */ = {isa = PBXFileReference; lastKnownFileType = sourcecode.swift; path = ToDoListUITestsLaunchTests.swift; sourceTree = "<group>"; };
		FA251727288F59480036D100 /* ToDoItem.swift */ = {isa = PBXFileReference; lastKnownFileType = sourcecode.swift; path = ToDoItem.swift; sourceTree = "<group>"; };
		FA25172928905C930036D100 /* FileCache.swift */ = {isa = PBXFileReference; lastKnownFileType = sourcecode.swift; path = FileCache.swift; sourceTree = "<group>"; };
		FA25172C2891D8CA0036D100 /* ToDoItemView.swift */ = {isa = PBXFileReference; lastKnownFileType = sourcecode.swift; path = ToDoItemView.swift; sourceTree = "<group>"; };
		FA3792F728958FBE0099B1A8 /* ToDoItemViewController.swift */ = {isa = PBXFileReference; lastKnownFileType = sourcecode.swift; path = ToDoItemViewController.swift; sourceTree = "<group>"; };
		FA3792F928959FC10099B1A8 /* SceneDelegate.swift */ = {isa = PBXFileReference; fileEncoding = 4; lastKnownFileType = sourcecode.swift; path = SceneDelegate.swift; sourceTree = "<group>"; };
		FA755F322895A29D00327D32 /* ToDoListView.swift */ = {isa = PBXFileReference; lastKnownFileType = sourcecode.swift; path = ToDoListView.swift; sourceTree = "<group>"; };
		FA755F352895A70D00327D32 /* UIView+Extensions.swift */ = {isa = PBXFileReference; lastKnownFileType = sourcecode.swift; path = "UIView+Extensions.swift"; sourceTree = "<group>"; };
		FA755F382895ADC700327D32 /* UIStackView+Extensions.swift */ = {isa = PBXFileReference; lastKnownFileType = sourcecode.swift; path = "UIStackView+Extensions.swift"; sourceTree = "<group>"; };
		FAB72EAB289610FF008A6690 /* Collection+Extensions.swift */ = {isa = PBXFileReference; lastKnownFileType = sourcecode.swift; path = "Collection+Extensions.swift"; sourceTree = "<group>"; };
/* End PBXFileReference section */

/* Begin PBXFrameworksBuildPhase section */
		FA2516F0288F56420036D100 /* Frameworks */ = {
			isa = PBXFrameworksBuildPhase;
			buildActionMask = 2147483647;
			files = (
			);
			runOnlyForDeploymentPostprocessing = 0;
		};
		FA251706288F56440036D100 /* Frameworks */ = {
			isa = PBXFrameworksBuildPhase;
			buildActionMask = 2147483647;
			files = (
			);
			runOnlyForDeploymentPostprocessing = 0;
		};
		FA251710288F56440036D100 /* Frameworks */ = {
			isa = PBXFrameworksBuildPhase;
			buildActionMask = 2147483647;
			files = (
			);
			runOnlyForDeploymentPostprocessing = 0;
		};
/* End PBXFrameworksBuildPhase section */

/* Begin PBXGroup section */
		FA2516EA288F56420036D100 = {
			isa = PBXGroup;
			children = (
				FA2516F5288F56420036D100 /* ToDoList */,
				FA25170C288F56440036D100 /* ToDoListTests */,
				FA251716288F56440036D100 /* ToDoListUITests */,
				FA2516F4288F56420036D100 /* Products */,
			);
			sourceTree = "<group>";
		};
		FA2516F4288F56420036D100 /* Products */ = {
			isa = PBXGroup;
			children = (
				FA2516F3288F56420036D100 /* ToDoList.app */,
				FA251709288F56440036D100 /* ToDoListTests.xctest */,
				FA251713288F56440036D100 /* ToDoListUITests.xctest */,
			);
			name = Products;
			sourceTree = "<group>";
		};
		FA2516F5288F56420036D100 /* ToDoList */ = {
			isa = PBXGroup;
			children = (
				FA25172B2891D8710036D100 /* Sources */,
				FA3792F128958E630099B1A8 /* Resources */,
				FA251704288F56430036D100 /* Info.plist */,
			);
			path = ToDoList;
			sourceTree = "<group>";
		};
		FA25170C288F56440036D100 /* ToDoListTests */ = {
			isa = PBXGroup;
			children = (
				FA25170D288F56440036D100 /* ToDoListTests.swift */,
			);
			path = ToDoListTests;
			sourceTree = "<group>";
		};
		FA251716288F56440036D100 /* ToDoListUITests */ = {
			isa = PBXGroup;
			children = (
				FA251717288F56440036D100 /* ToDoListUITests.swift */,
				FA251719288F56440036D100 /* ToDoListUITestsLaunchTests.swift */,
			);
			path = ToDoListUITests;
			sourceTree = "<group>";
		};
		FA251726288F592E0036D100 /* Model */ = {
			isa = PBXGroup;
			children = (
				FA251727288F59480036D100 /* ToDoItem.swift */,
				FA25172928905C930036D100 /* FileCache.swift */,
			);
			path = Model;
			sourceTree = "<group>";
		};
		FA25172B2891D8710036D100 /* Sources */ = {
			isa = PBXGroup;
			children = (
				FA755F342895A6E700327D32 /* Extensions */,
				FA251726288F592E0036D100 /* Model */,
				FA3792F328958E9E0099B1A8 /* Stuff */,
				FA3792F428958EB50099B1A8 /* ToDo */,
			);
			path = Sources;
			sourceTree = "<group>";
		};
		FA3792F028958E390099B1A8 /* ToDoItem */ = {
			isa = PBXGroup;
			children = (
				FA25172C2891D8CA0036D100 /* ToDoItemView.swift */,
				FA3792F728958FBE0099B1A8 /* ToDoItemViewController.swift */,
			);
			path = ToDoItem;
			sourceTree = "<group>";
		};
		FA3792F128958E630099B1A8 /* Resources */ = {
			isa = PBXGroup;
			children = (
				FA2516FF288F56430036D100 /* Assets.xcassets */,
			);
			path = Resources;
			sourceTree = "<group>";
		};
		FA3792F328958E9E0099B1A8 /* Stuff */ = {
			isa = PBXGroup;
			children = (
				FA2516F6288F56420036D100 /* AppDelegate.swift */,
				FA3792F928959FC10099B1A8 /* SceneDelegate.swift */,
				FA251701288F56430036D100 /* LaunchScreen.storyboard */,
			);
			path = Stuff;
			sourceTree = "<group>";
		};
		FA3792F428958EB50099B1A8 /* ToDo */ = {
			isa = PBXGroup;
			children = (
				FA755F372895A7BD00327D32 /* ToDoList */,
				FA3792F028958E390099B1A8 /* ToDoItem */,
			);
			path = ToDo;
			sourceTree = "<group>";
		};
		FA755F342895A6E700327D32 /* Extensions */ = {
			isa = PBXGroup;
			children = (
				FA755F352895A70D00327D32 /* UIView+Extensions.swift */,
				FA755F382895ADC700327D32 /* UIStackView+Extensions.swift */,
				FAB72EAB289610FF008A6690 /* Collection+Extensions.swift */,
			);
			path = Extensions;
			sourceTree = "<group>";
		};
		FA755F372895A7BD00327D32 /* ToDoList */ = {
			isa = PBXGroup;
			children = (
				FA755F322895A29D00327D32 /* ToDoListView.swift */,
				FA2516FA288F56420036D100 /* ToDoListViewController.swift */,
			);
			path = ToDoList;
			sourceTree = "<group>";
		};
/* End PBXGroup section */

/* Begin PBXNativeTarget section */
		FA2516F2288F56420036D100 /* ToDoList */ = {
			isa = PBXNativeTarget;
			buildConfigurationList = FA25171D288F56440036D100 /* Build configuration list for PBXNativeTarget "ToDoList" */;
			buildPhases = (
				FA2516EF288F56420036D100 /* Sources */,
				FA2516F0288F56420036D100 /* Frameworks */,
				FA2516F1288F56420036D100 /* Resources */,
			);
			buildRules = (
			);
			dependencies = (
			);
			name = ToDoList;
			productName = ToDoList;
			productReference = FA2516F3288F56420036D100 /* ToDoList.app */;
			productType = "com.apple.product-type.application";
		};
		FA251708288F56440036D100 /* ToDoListTests */ = {
			isa = PBXNativeTarget;
			buildConfigurationList = FA251720288F56440036D100 /* Build configuration list for PBXNativeTarget "ToDoListTests" */;
			buildPhases = (
				FA251705288F56440036D100 /* Sources */,
				FA251706288F56440036D100 /* Frameworks */,
				FA251707288F56440036D100 /* Resources */,
			);
			buildRules = (
			);
			dependencies = (
				FA25170B288F56440036D100 /* PBXTargetDependency */,
			);
			name = ToDoListTests;
			productName = ToDoListTests;
			productReference = FA251709288F56440036D100 /* ToDoListTests.xctest */;
			productType = "com.apple.product-type.bundle.unit-test";
		};
		FA251712288F56440036D100 /* ToDoListUITests */ = {
			isa = PBXNativeTarget;
			buildConfigurationList = FA251723288F56440036D100 /* Build configuration list for PBXNativeTarget "ToDoListUITests" */;
			buildPhases = (
				FA25170F288F56440036D100 /* Sources */,
				FA251710288F56440036D100 /* Frameworks */,
				FA251711288F56440036D100 /* Resources */,
			);
			buildRules = (
			);
			dependencies = (
				FA251715288F56440036D100 /* PBXTargetDependency */,
			);
			name = ToDoListUITests;
			productName = ToDoListUITests;
			productReference = FA251713288F56440036D100 /* ToDoListUITests.xctest */;
			productType = "com.apple.product-type.bundle.ui-testing";
		};
/* End PBXNativeTarget section */

/* Begin PBXProject section */
		FA2516EB288F56420036D100 /* Project object */ = {
			isa = PBXProject;
			attributes = {
				BuildIndependentTargetsInParallel = 1;
				LastSwiftUpdateCheck = 1340;
				LastUpgradeCheck = 1340;
				TargetAttributes = {
					FA2516F2288F56420036D100 = {
						CreatedOnToolsVersion = 13.4.1;
					};
					FA251708288F56440036D100 = {
						CreatedOnToolsVersion = 13.4.1;
						TestTargetID = FA2516F2288F56420036D100;
					};
					FA251712288F56440036D100 = {
						CreatedOnToolsVersion = 13.4.1;
						TestTargetID = FA2516F2288F56420036D100;
					};
				};
			};
			buildConfigurationList = FA2516EE288F56420036D100 /* Build configuration list for PBXProject "ToDoList" */;
			compatibilityVersion = "Xcode 13.0";
			developmentRegion = en;
			hasScannedForEncodings = 0;
			knownRegions = (
				en,
				Base,
			);
			mainGroup = FA2516EA288F56420036D100;
			productRefGroup = FA2516F4288F56420036D100 /* Products */;
			projectDirPath = "";
			projectRoot = "";
			targets = (
				FA2516F2288F56420036D100 /* ToDoList */,
				FA251708288F56440036D100 /* ToDoListTests */,
				FA251712288F56440036D100 /* ToDoListUITests */,
			);
		};
/* End PBXProject section */

/* Begin PBXResourcesBuildPhase section */
		FA2516F1288F56420036D100 /* Resources */ = {
			isa = PBXResourcesBuildPhase;
			buildActionMask = 2147483647;
			files = (
				FA251703288F56430036D100 /* LaunchScreen.storyboard in Resources */,
				FA251700288F56430036D100 /* Assets.xcassets in Resources */,
			);
			runOnlyForDeploymentPostprocessing = 0;
		};
		FA251707288F56440036D100 /* Resources */ = {
			isa = PBXResourcesBuildPhase;
			buildActionMask = 2147483647;
			files = (
			);
			runOnlyForDeploymentPostprocessing = 0;
		};
		FA251711288F56440036D100 /* Resources */ = {
			isa = PBXResourcesBuildPhase;
			buildActionMask = 2147483647;
			files = (
			);
			runOnlyForDeploymentPostprocessing = 0;
		};
/* End PBXResourcesBuildPhase section */

/* Begin PBXSourcesBuildPhase section */
		FA2516EF288F56420036D100 /* Sources */ = {
			isa = PBXSourcesBuildPhase;
			buildActionMask = 2147483647;
			files = (
				FA2516FB288F56420036D100 /* ToDoListViewController.swift in Sources */,
				FA755F392895ADC700327D32 /* UIStackView+Extensions.swift in Sources */,
				FA3792FA28959FC10099B1A8 /* SceneDelegate.swift in Sources */,
				FAB72EAC289610FF008A6690 /* Collection+Extensions.swift in Sources */,
				FA755F362895A70D00327D32 /* UIView+Extensions.swift in Sources */,
				FA3792F828958FBE0099B1A8 /* ToDoItemViewController.swift in Sources */,
				FA755F332895A29D00327D32 /* ToDoListView.swift in Sources */,
				FA25172D2891D8CA0036D100 /* ToDoItemView.swift in Sources */,
				FA2516F7288F56420036D100 /* AppDelegate.swift in Sources */,
				FA251728288F59480036D100 /* ToDoItem.swift in Sources */,
				FA25172A28905C930036D100 /* FileCache.swift in Sources */,
			);
			runOnlyForDeploymentPostprocessing = 0;
		};
		FA251705288F56440036D100 /* Sources */ = {
			isa = PBXSourcesBuildPhase;
			buildActionMask = 2147483647;
			files = (
				FA25170E288F56440036D100 /* ToDoListTests.swift in Sources */,
			);
			runOnlyForDeploymentPostprocessing = 0;
		};
		FA25170F288F56440036D100 /* Sources */ = {
			isa = PBXSourcesBuildPhase;
			buildActionMask = 2147483647;
			files = (
				FA25171A288F56440036D100 /* ToDoListUITestsLaunchTests.swift in Sources */,
				FA251718288F56440036D100 /* ToDoListUITests.swift in Sources */,
			);
			runOnlyForDeploymentPostprocessing = 0;
		};
/* End PBXSourcesBuildPhase section */

/* Begin PBXTargetDependency section */
		FA25170B288F56440036D100 /* PBXTargetDependency */ = {
			isa = PBXTargetDependency;
			target = FA2516F2288F56420036D100 /* ToDoList */;
			targetProxy = FA25170A288F56440036D100 /* PBXContainerItemProxy */;
		};
		FA251715288F56440036D100 /* PBXTargetDependency */ = {
			isa = PBXTargetDependency;
			target = FA2516F2288F56420036D100 /* ToDoList */;
			targetProxy = FA251714288F56440036D100 /* PBXContainerItemProxy */;
		};
/* End PBXTargetDependency section */

/* Begin PBXVariantGroup section */
		FA251701288F56430036D100 /* LaunchScreen.storyboard */ = {
			isa = PBXVariantGroup;
			children = (
				FA251702288F56430036D100 /* Base */,
			);
			name = LaunchScreen.storyboard;
			sourceTree = "<group>";
		};
/* End PBXVariantGroup section */

/* Begin XCBuildConfiguration section */
		FA25171B288F56440036D100 /* Debug */ = {
			isa = XCBuildConfiguration;
			buildSettings = {
				ALWAYS_SEARCH_USER_PATHS = NO;
				CLANG_ANALYZER_NONNULL = YES;
				CLANG_ANALYZER_NUMBER_OBJECT_CONVERSION = YES_AGGRESSIVE;
				CLANG_CXX_LANGUAGE_STANDARD = "gnu++17";
				CLANG_ENABLE_MODULES = YES;
				CLANG_ENABLE_OBJC_ARC = YES;
				CLANG_ENABLE_OBJC_WEAK = YES;
				CLANG_WARN_BLOCK_CAPTURE_AUTORELEASING = YES;
				CLANG_WARN_BOOL_CONVERSION = YES;
				CLANG_WARN_COMMA = YES;
				CLANG_WARN_CONSTANT_CONVERSION = YES;
				CLANG_WARN_DEPRECATED_OBJC_IMPLEMENTATIONS = YES;
				CLANG_WARN_DIRECT_OBJC_ISA_USAGE = YES_ERROR;
				CLANG_WARN_DOCUMENTATION_COMMENTS = YES;
				CLANG_WARN_EMPTY_BODY = YES;
				CLANG_WARN_ENUM_CONVERSION = YES;
				CLANG_WARN_INFINITE_RECURSION = YES;
				CLANG_WARN_INT_CONVERSION = YES;
				CLANG_WARN_NON_LITERAL_NULL_CONVERSION = YES;
				CLANG_WARN_OBJC_IMPLICIT_RETAIN_SELF = YES;
				CLANG_WARN_OBJC_LITERAL_CONVERSION = YES;
				CLANG_WARN_OBJC_ROOT_CLASS = YES_ERROR;
				CLANG_WARN_QUOTED_INCLUDE_IN_FRAMEWORK_HEADER = YES;
				CLANG_WARN_RANGE_LOOP_ANALYSIS = YES;
				CLANG_WARN_STRICT_PROTOTYPES = YES;
				CLANG_WARN_SUSPICIOUS_MOVE = YES;
				CLANG_WARN_UNGUARDED_AVAILABILITY = YES_AGGRESSIVE;
				CLANG_WARN_UNREACHABLE_CODE = YES;
				CLANG_WARN__DUPLICATE_METHOD_MATCH = YES;
				COPY_PHASE_STRIP = NO;
				DEBUG_INFORMATION_FORMAT = dwarf;
				ENABLE_STRICT_OBJC_MSGSEND = YES;
				ENABLE_TESTABILITY = YES;
				GCC_C_LANGUAGE_STANDARD = gnu11;
				GCC_DYNAMIC_NO_PIC = NO;
				GCC_NO_COMMON_BLOCKS = YES;
				GCC_OPTIMIZATION_LEVEL = 0;
				GCC_PREPROCESSOR_DEFINITIONS = (
					"DEBUG=1",
					"$(inherited)",
				);
				GCC_WARN_64_TO_32_BIT_CONVERSION = YES;
				GCC_WARN_ABOUT_RETURN_TYPE = YES_ERROR;
				GCC_WARN_UNDECLARED_SELECTOR = YES;
				GCC_WARN_UNINITIALIZED_AUTOS = YES_AGGRESSIVE;
				GCC_WARN_UNUSED_FUNCTION = YES;
				GCC_WARN_UNUSED_VARIABLE = YES;
				IPHONEOS_DEPLOYMENT_TARGET = 15.5;
				MTL_ENABLE_DEBUG_INFO = INCLUDE_SOURCE;
				MTL_FAST_MATH = YES;
				ONLY_ACTIVE_ARCH = YES;
				SDKROOT = iphoneos;
				SWIFT_ACTIVE_COMPILATION_CONDITIONS = DEBUG;
				SWIFT_OPTIMIZATION_LEVEL = "-Onone";
			};
			name = Debug;
		};
		FA25171C288F56440036D100 /* Release */ = {
			isa = XCBuildConfiguration;
			buildSettings = {
				ALWAYS_SEARCH_USER_PATHS = NO;
				CLANG_ANALYZER_NONNULL = YES;
				CLANG_ANALYZER_NUMBER_OBJECT_CONVERSION = YES_AGGRESSIVE;
				CLANG_CXX_LANGUAGE_STANDARD = "gnu++17";
				CLANG_ENABLE_MODULES = YES;
				CLANG_ENABLE_OBJC_ARC = YES;
				CLANG_ENABLE_OBJC_WEAK = YES;
				CLANG_WARN_BLOCK_CAPTURE_AUTORELEASING = YES;
				CLANG_WARN_BOOL_CONVERSION = YES;
				CLANG_WARN_COMMA = YES;
				CLANG_WARN_CONSTANT_CONVERSION = YES;
				CLANG_WARN_DEPRECATED_OBJC_IMPLEMENTATIONS = YES;
				CLANG_WARN_DIRECT_OBJC_ISA_USAGE = YES_ERROR;
				CLANG_WARN_DOCUMENTATION_COMMENTS = YES;
				CLANG_WARN_EMPTY_BODY = YES;
				CLANG_WARN_ENUM_CONVERSION = YES;
				CLANG_WARN_INFINITE_RECURSION = YES;
				CLANG_WARN_INT_CONVERSION = YES;
				CLANG_WARN_NON_LITERAL_NULL_CONVERSION = YES;
				CLANG_WARN_OBJC_IMPLICIT_RETAIN_SELF = YES;
				CLANG_WARN_OBJC_LITERAL_CONVERSION = YES;
				CLANG_WARN_OBJC_ROOT_CLASS = YES_ERROR;
				CLANG_WARN_QUOTED_INCLUDE_IN_FRAMEWORK_HEADER = YES;
				CLANG_WARN_RANGE_LOOP_ANALYSIS = YES;
				CLANG_WARN_STRICT_PROTOTYPES = YES;
				CLANG_WARN_SUSPICIOUS_MOVE = YES;
				CLANG_WARN_UNGUARDED_AVAILABILITY = YES_AGGRESSIVE;
				CLANG_WARN_UNREACHABLE_CODE = YES;
				CLANG_WARN__DUPLICATE_METHOD_MATCH = YES;
				COPY_PHASE_STRIP = NO;
				DEBUG_INFORMATION_FORMAT = "dwarf-with-dsym";
				ENABLE_NS_ASSERTIONS = NO;
				ENABLE_STRICT_OBJC_MSGSEND = YES;
				GCC_C_LANGUAGE_STANDARD = gnu11;
				GCC_NO_COMMON_BLOCKS = YES;
				GCC_WARN_64_TO_32_BIT_CONVERSION = YES;
				GCC_WARN_ABOUT_RETURN_TYPE = YES_ERROR;
				GCC_WARN_UNDECLARED_SELECTOR = YES;
				GCC_WARN_UNINITIALIZED_AUTOS = YES_AGGRESSIVE;
				GCC_WARN_UNUSED_FUNCTION = YES;
				GCC_WARN_UNUSED_VARIABLE = YES;
				IPHONEOS_DEPLOYMENT_TARGET = 15.5;
				MTL_ENABLE_DEBUG_INFO = NO;
				MTL_FAST_MATH = YES;
				SDKROOT = iphoneos;
				SWIFT_COMPILATION_MODE = wholemodule;
				SWIFT_OPTIMIZATION_LEVEL = "-O";
				VALIDATE_PRODUCT = YES;
			};
			name = Release;
		};
		FA25171E288F56440036D100 /* Debug */ = {
			isa = XCBuildConfiguration;
			buildSettings = {
				ASSETCATALOG_COMPILER_APPICON_NAME = AppIcon;
				ASSETCATALOG_COMPILER_GLOBAL_ACCENT_COLOR_NAME = AccentColor;
				CODE_SIGN_STYLE = Automatic;
				CURRENT_PROJECT_VERSION = 1;
				DEVELOPMENT_TEAM = NYGY5GQKY5;
				GENERATE_INFOPLIST_FILE = YES;
				INFOPLIST_FILE = ToDoList/Info.plist;
				INFOPLIST_KEY_UIApplicationSupportsIndirectInputEvents = YES;
				INFOPLIST_KEY_UILaunchStoryboardName = LaunchScreen;
				INFOPLIST_KEY_UIRequiresFullScreen = YES;
				INFOPLIST_KEY_UISupportedInterfaceOrientations_iPad = "UIInterfaceOrientationPortrait UIInterfaceOrientationPortraitUpsideDown UIInterfaceOrientationLandscapeLeft UIInterfaceOrientationLandscapeRight";
				INFOPLIST_KEY_UISupportedInterfaceOrientations_iPhone = "UIInterfaceOrientationPortrait UIInterfaceOrientationLandscapeLeft UIInterfaceOrientationLandscapeRight";
				LD_RUNPATH_SEARCH_PATHS = (
					"$(inherited)",
					"@executable_path/Frameworks",
				);
				MARKETING_VERSION = 1.0;
				PRODUCT_BUNDLE_IDENTIFIER = com.antipeon.ToDoList;
				PRODUCT_NAME = "$(TARGET_NAME)";
				SWIFT_EMIT_LOC_STRINGS = YES;
				SWIFT_VERSION = 5.0;
				TARGETED_DEVICE_FAMILY = "1,2";
			};
			name = Debug;
		};
		FA25171F288F56440036D100 /* Release */ = {
			isa = XCBuildConfiguration;
			buildSettings = {
				ASSETCATALOG_COMPILER_APPICON_NAME = AppIcon;
				ASSETCATALOG_COMPILER_GLOBAL_ACCENT_COLOR_NAME = AccentColor;
				CODE_SIGN_STYLE = Automatic;
				CURRENT_PROJECT_VERSION = 1;
				DEVELOPMENT_TEAM = NYGY5GQKY5;
				GENERATE_INFOPLIST_FILE = YES;
				INFOPLIST_FILE = ToDoList/Info.plist;
				INFOPLIST_KEY_UIApplicationSupportsIndirectInputEvents = YES;
				INFOPLIST_KEY_UILaunchStoryboardName = LaunchScreen;
				INFOPLIST_KEY_UIRequiresFullScreen = YES;
				INFOPLIST_KEY_UISupportedInterfaceOrientations_iPad = "UIInterfaceOrientationPortrait UIInterfaceOrientationPortraitUpsideDown UIInterfaceOrientationLandscapeLeft UIInterfaceOrientationLandscapeRight";
				INFOPLIST_KEY_UISupportedInterfaceOrientations_iPhone = "UIInterfaceOrientationPortrait UIInterfaceOrientationLandscapeLeft UIInterfaceOrientationLandscapeRight";
				LD_RUNPATH_SEARCH_PATHS = (
					"$(inherited)",
					"@executable_path/Frameworks",
				);
				MARKETING_VERSION = 1.0;
				PRODUCT_BUNDLE_IDENTIFIER = com.antipeon.ToDoList;
				PRODUCT_NAME = "$(TARGET_NAME)";
				SWIFT_EMIT_LOC_STRINGS = YES;
				SWIFT_VERSION = 5.0;
				TARGETED_DEVICE_FAMILY = "1,2";
			};
			name = Release;
		};
		FA251721288F56440036D100 /* Debug */ = {
			isa = XCBuildConfiguration;
			buildSettings = {
				ALWAYS_EMBED_SWIFT_STANDARD_LIBRARIES = YES;
				BUNDLE_LOADER = "$(TEST_HOST)";
				CODE_SIGN_STYLE = Automatic;
				CURRENT_PROJECT_VERSION = 1;
				DEVELOPMENT_TEAM = NYGY5GQKY5;
				GENERATE_INFOPLIST_FILE = YES;
				IPHONEOS_DEPLOYMENT_TARGET = 15.5;
				MARKETING_VERSION = 1.0;
				PRODUCT_BUNDLE_IDENTIFIER = com.antipeon.ToDoListTests;
				PRODUCT_NAME = "$(TARGET_NAME)";
				SWIFT_EMIT_LOC_STRINGS = NO;
				SWIFT_VERSION = 5.0;
				TARGETED_DEVICE_FAMILY = "1,2";
				TEST_HOST = "$(BUILT_PRODUCTS_DIR)/ToDoList.app/ToDoList";
			};
			name = Debug;
		};
		FA251722288F56440036D100 /* Release */ = {
			isa = XCBuildConfiguration;
			buildSettings = {
				ALWAYS_EMBED_SWIFT_STANDARD_LIBRARIES = YES;
				BUNDLE_LOADER = "$(TEST_HOST)";
				CODE_SIGN_STYLE = Automatic;
				CURRENT_PROJECT_VERSION = 1;
				DEVELOPMENT_TEAM = NYGY5GQKY5;
				GENERATE_INFOPLIST_FILE = YES;
				IPHONEOS_DEPLOYMENT_TARGET = 15.5;
				MARKETING_VERSION = 1.0;
				PRODUCT_BUNDLE_IDENTIFIER = com.antipeon.ToDoListTests;
				PRODUCT_NAME = "$(TARGET_NAME)";
				SWIFT_EMIT_LOC_STRINGS = NO;
				SWIFT_VERSION = 5.0;
				TARGETED_DEVICE_FAMILY = "1,2";
				TEST_HOST = "$(BUILT_PRODUCTS_DIR)/ToDoList.app/ToDoList";
			};
			name = Release;
		};
		FA251724288F56440036D100 /* Debug */ = {
			isa = XCBuildConfiguration;
			buildSettings = {
				ALWAYS_EMBED_SWIFT_STANDARD_LIBRARIES = YES;
				CODE_SIGN_STYLE = Automatic;
				CURRENT_PROJECT_VERSION = 1;
				DEVELOPMENT_TEAM = NYGY5GQKY5;
				GENERATE_INFOPLIST_FILE = YES;
				MARKETING_VERSION = 1.0;
				PRODUCT_BUNDLE_IDENTIFIER = com.antipeon.ToDoListUITests;
				PRODUCT_NAME = "$(TARGET_NAME)";
				SWIFT_EMIT_LOC_STRINGS = NO;
				SWIFT_VERSION = 5.0;
				TARGETED_DEVICE_FAMILY = "1,2";
				TEST_TARGET_NAME = ToDoList;
			};
			name = Debug;
		};
		FA251725288F56440036D100 /* Release */ = {
			isa = XCBuildConfiguration;
			buildSettings = {
				ALWAYS_EMBED_SWIFT_STANDARD_LIBRARIES = YES;
				CODE_SIGN_STYLE = Automatic;
				CURRENT_PROJECT_VERSION = 1;
				DEVELOPMENT_TEAM = NYGY5GQKY5;
				GENERATE_INFOPLIST_FILE = YES;
				MARKETING_VERSION = 1.0;
				PRODUCT_BUNDLE_IDENTIFIER = com.antipeon.ToDoListUITests;
				PRODUCT_NAME = "$(TARGET_NAME)";
				SWIFT_EMIT_LOC_STRINGS = NO;
				SWIFT_VERSION = 5.0;
				TARGETED_DEVICE_FAMILY = "1,2";
				TEST_TARGET_NAME = ToDoList;
			};
			name = Release;
		};
/* End XCBuildConfiguration section */

/* Begin XCConfigurationList section */
		FA2516EE288F56420036D100 /* Build configuration list for PBXProject "ToDoList" */ = {
			isa = XCConfigurationList;
			buildConfigurations = (
				FA25171B288F56440036D100 /* Debug */,
				FA25171C288F56440036D100 /* Release */,
			);
			defaultConfigurationIsVisible = 0;
			defaultConfigurationName = Release;
		};
		FA25171D288F56440036D100 /* Build configuration list for PBXNativeTarget "ToDoList" */ = {
			isa = XCConfigurationList;
			buildConfigurations = (
				FA25171E288F56440036D100 /* Debug */,
				FA25171F288F56440036D100 /* Release */,
			);
			defaultConfigurationIsVisible = 0;
			defaultConfigurationName = Release;
		};
		FA251720288F56440036D100 /* Build configuration list for PBXNativeTarget "ToDoListTests" */ = {
			isa = XCConfigurationList;
			buildConfigurations = (
				FA251721288F56440036D100 /* Debug */,
				FA251722288F56440036D100 /* Release */,
			);
			defaultConfigurationIsVisible = 0;
			defaultConfigurationName = Release;
		};
		FA251723288F56440036D100 /* Build configuration list for PBXNativeTarget "ToDoListUITests" */ = {
			isa = XCConfigurationList;
			buildConfigurations = (
				FA251724288F56440036D100 /* Debug */,
				FA251725288F56440036D100 /* Release */,
			);
			defaultConfigurationIsVisible = 0;
			defaultConfigurationName = Release;
		};
/* End XCConfigurationList section */
	};
	rootObject = FA2516EB288F56420036D100 /* Project object */;
}
